
Microsoft Visual Studio Solution File, Format Version 12.00
# Visual Studio 15
VisualStudioVersion = 15.0.26124.0
MinimumVisualStudioVersion = 15.0.26124.0
Project("{FAE04EC0-301F-11D3-BF4B-00C04F79EFBC}") = "SocialWeb.Infrastructure", "SocialWeb.Infrastructure\SocialWeb.Infrastructure.csproj", "{BA60C815-1F9F-4E18-9217-73DF54DF971D}"
EndProject
Project("{FAE04EC0-301F-11D3-BF4B-00C04F79EFBC}") = "SocialWeb.Domain", "SocialWeb.Domain\SocialWeb.Domain.csproj", "{A0C965E9-B03F-4CA0-98AC-F2750F0C72F8}"
EndProject
Project("{FAE04EC0-301F-11D3-BF4B-00C04F79EFBC}") = "SocialWeb.Application", "SocialWeb.Application\SocialWeb.Application.csproj", "{C99A3AEC-AE3F-45D7-8B2D-CD09DC34D1A0}"
EndProject
Project("{FAE04EC0-301F-11D3-BF4B-00C04F79EFBC}") = "SocialWeb.IoC", "SocialWeb.IoC\SocialWeb.IoC.csproj", "{93844ABB-DF84-42E6-AB63-7C5F6448F7B0}"
EndProject
Global
	GlobalSection(SolutionConfigurationPlatforms) = preSolution
		Debug|Any CPU = Debug|Any CPU
		Debug|x64 = Debug|x64
		Debug|x86 = Debug|x86
		Release|Any CPU = Release|Any CPU
		Release|x64 = Release|x64
		Release|x86 = Release|x86
	EndGlobalSection
	GlobalSection(SolutionProperties) = preSolution
		HideSolutionNode = FALSE
	EndGlobalSection
	GlobalSection(ProjectConfigurationPlatforms) = postSolution
		{BA60C815-1F9F-4E18-9217-73DF54DF971D}.Debug|Any CPU.ActiveCfg = Debug|Any CPU
		{BA60C815-1F9F-4E18-9217-73DF54DF971D}.Debug|Any CPU.Build.0 = Debug|Any CPU
		{BA60C815-1F9F-4E18-9217-73DF54DF971D}.Debug|x64.ActiveCfg = Debug|Any CPU
		{BA60C815-1F9F-4E18-9217-73DF54DF971D}.Debug|x64.Build.0 = Debug|Any CPU
		{BA60C815-1F9F-4E18-9217-73DF54DF971D}.Debug|x86.ActiveCfg = Debug|Any CPU
		{BA60C815-1F9F-4E18-9217-73DF54DF971D}.Debug|x86.Build.0 = Debug|Any CPU
		{BA60C815-1F9F-4E18-9217-73DF54DF971D}.Release|Any CPU.ActiveCfg = Release|Any CPU
		{BA60C815-1F9F-4E18-9217-73DF54DF971D}.Release|Any CPU.Build.0 = Release|Any CPU
		{BA60C815-1F9F-4E18-9217-73DF54DF971D}.Release|x64.ActiveCfg = Release|Any CPU
		{BA60C815-1F9F-4E18-9217-73DF54DF971D}.Release|x64.Build.0 = Release|Any CPU
		{BA60C815-1F9F-4E18-9217-73DF54DF971D}.Release|x86.ActiveCfg = Release|Any CPU
		{BA60C815-1F9F-4E18-9217-73DF54DF971D}.Release|x86.Build.0 = Release|Any CPU
		{A0C965E9-B03F-4CA0-98AC-F2750F0C72F8}.Debug|Any CPU.ActiveCfg = Debug|Any CPU
		{A0C965E9-B03F-4CA0-98AC-F2750F0C72F8}.Debug|Any CPU.Build.0 = Debug|Any CPU
		{A0C965E9-B03F-4CA0-98AC-F2750F0C72F8}.Debug|x64.ActiveCfg = Debug|Any CPU
		{A0C965E9-B03F-4CA0-98AC-F2750F0C72F8}.Debug|x64.Build.0 = Debug|Any CPU
		{A0C965E9-B03F-4CA0-98AC-F2750F0C72F8}.Debug|x86.ActiveCfg = Debug|Any CPU
		{A0C965E9-B03F-4CA0-98AC-F2750F0C72F8}.Debug|x86.Build.0 = Debug|Any CPU
		{A0C965E9-B03F-4CA0-98AC-F2750F0C72F8}.Release|Any CPU.ActiveCfg = Release|Any CPU
		{A0C965E9-B03F-4CA0-98AC-F2750F0C72F8}.Release|Any CPU.Build.0 = Release|Any CPU
		{A0C965E9-B03F-4CA0-98AC-F2750F0C72F8}.Release|x64.ActiveCfg = Release|Any CPU
		{A0C965E9-B03F-4CA0-98AC-F2750F0C72F8}.Release|x64.Build.0 = Release|Any CPU
		{A0C965E9-B03F-4CA0-98AC-F2750F0C72F8}.Release|x86.ActiveCfg = Release|Any CPU
		{A0C965E9-B03F-4CA0-98AC-F2750F0C72F8}.Release|x86.Build.0 = Release|Any CPU
		{C99A3AEC-AE3F-45D7-8B2D-CD09DC34D1A0}.Debug|Any CPU.ActiveCfg = Debug|Any CPU
		{C99A3AEC-AE3F-45D7-8B2D-CD09DC34D1A0}.Debug|Any CPU.Build.0 = Debug|Any CPU
		{C99A3AEC-AE3F-45D7-8B2D-CD09DC34D1A0}.Debug|x64.ActiveCfg = Debug|Any CPU
		{C99A3AEC-AE3F-45D7-8B2D-CD09DC34D1A0}.Debug|x64.Build.0 = Debug|Any CPU
		{C99A3AEC-AE3F-45D7-8B2D-CD09DC34D1A0}.Debug|x86.ActiveCfg = Debug|Any CPU
		{C99A3AEC-AE3F-45D7-8B2D-CD09DC34D1A0}.Debug|x86.Build.0 = Debug|Any CPU
		{C99A3AEC-AE3F-45D7-8B2D-CD09DC34D1A0}.Release|Any CPU.ActiveCfg = Release|Any CPU
		{C99A3AEC-AE3F-45D7-8B2D-CD09DC34D1A0}.Release|Any CPU.Build.0 = Release|Any CPU
		{C99A3AEC-AE3F-45D7-8B2D-CD09DC34D1A0}.Release|x64.ActiveCfg = Release|Any CPU
		{C99A3AEC-AE3F-45D7-8B2D-CD09DC34D1A0}.Release|x64.Build.0 = Release|Any CPU
		{C99A3AEC-AE3F-45D7-8B2D-CD09DC34D1A0}.Release|x86.ActiveCfg = Release|Any CPU
		{C99A3AEC-AE3F-45D7-8B2D-CD09DC34D1A0}.Release|x86.Build.0 = Release|Any CPU
		{93844ABB-DF84-42E6-AB63-7C5F6448F7B0}.Debug|Any CPU.ActiveCfg = Debug|Any CPU
		{93844ABB-DF84-42E6-AB63-7C5F6448F7B0}.Debug|Any CPU.Build.0 = Debug|Any CPU
		{93844ABB-DF84-42E6-AB63-7C5F6448F7B0}.Debug|x64.ActiveCfg = Debug|Any CPU
		{93844ABB-DF84-42E6-AB63-7C5F6448F7B0}.Debug|x64.Build.0 = Debug|Any CPU
		{93844ABB-DF84-42E6-AB63-7C5F6448F7B0}.Debug|x86.ActiveCfg = Debug|Any CPU
		{93844ABB-DF84-42E6-AB63-7C5F6448F7B0}.Debug|x86.Build.0 = Debug|Any CPU
		{93844ABB-DF84-42E6-AB63-7C5F6448F7B0}.Release|Any CPU.ActiveCfg = Release|Any CPU
		{93844ABB-DF84-42E6-AB63-7C5F6448F7B0}.Release|Any CPU.Build.0 = Release|Any CPU
		{93844ABB-DF84-42E6-AB63-7C5F6448F7B0}.Release|x64.ActiveCfg = Release|Any CPU
		{93844ABB-DF84-42E6-AB63-7C5F6448F7B0}.Release|x64.Build.0 = Release|Any CPU
		{93844ABB-DF84-42E6-AB63-7C5F6448F7B0}.Release|x86.ActiveCfg = Release|Any CPU
		{93844ABB-DF84-42E6-AB63-7C5F6448F7B0}.Release|x86.Build.0 = Release|Any CPU
	EndGlobalSection
EndGlobal
